
Microsoft Visual Studio Solution File, Format Version 12.00
# Visual Studio Version 17
VisualStudioVersion = 17.14.36212.18 d17.14
MinimumVisualStudioVersion = 10.0.40219.1
Project("{FAE04EC0-301F-11D3-BF4B-00C04F79EFBC}") = "JustLauncher", "JustLauncher.csproj", "{5EE03A18-16D2-4B09-B292-0DF96844E30F}"
EndProject
Global
	GlobalSection(SolutionConfigurationPlatforms) = preSolution
		Debug|Any CPU = Debug|Any CPU
		Release|Any CPU = Release|Any CPU
	EndGlobalSection
	GlobalSection(ProjectConfigurationPlatforms) = postSolution
		{5EE03A18-16D2-4B09-B292-0DF96844E30F}.Debug|Any CPU.ActiveCfg = Debug|Any CPU
		{5EE03A18-16D2-4B09-B292-0DF96844E30F}.Debug|Any CPU.Build.0 = Debug|Any CPU
		{5EE03A18-16D2-4B09-B292-0DF96844E30F}.Release|Any CPU.ActiveCfg = Release|Any CPU
		{5EE03A18-16D2-4B09-B292-0DF96844E30F}.Release|Any CPU.Build.0 = Release|Any CPU
	EndGlobalSection
	GlobalSection(SolutionProperties) = preSolution
		HideSolutionNode = FALSE
	EndGlobalSection
	GlobalSection(ExtensibilityGlobals) = postSolution
		SolutionGuid = {50189688-0869-4526-AAB4-9AC8C621BDEB}
	EndGlobalSection
EndGlobal
